# This file was automatically generated by uv via the following command:
#    uv lock
[[package]]
name = "fastapi"
version = "0.104.1"
source = { registry = "https://pypi.org/simple", editable = false }
dependencies = [
    { name = "anyio", version = ">=3.4.0" },
    { name = "exceptiongroup", version = ">=1.0.0rc8" },
    { name = "jinja2", version = ">=2.11.0" },
    { name = "pydantic", version = ">=2.4.0,<3.0.0" },
    { name = "pydantic-settings", version = ">=2.0.0,<3.0.0" },
    { name = "pydantic-core", version = ">=2.10.1,<3.0.0" },
    { name = "sniffio", version = ">=1.1.0" },
    { name = "typing-extensions", version = ">=4.6.1" },
]
sdist = { url = "https://pypi.org/simple/fastapi/fastapi-0.104.1.tar.gz", hash = "sha256:03361578ddb5b3e4b628220b2f7e26452720077b653d22957162b797785a187b", size = 78644 }
wheel = { url = "https://pypi.org/simple/fastapi/fastapi-0.104.1-py3-none-any.whl", hash = "sha256:011688677405464739570485337a778336923d3252327556322388186435780b", size = 86840 }

[[package]]
name = "h11"
version = "0.14.0"
source = { registry = "https://pypi.org/simple", editable = false }
dependencies = [
    { name = "typing-extensions", version = ">=3.7.4" },
]
sdist = { url = "https://pypi.org/simple/h11/h11-0.14.0.tar.gz", hash = "sha256:8d4a447e97c981654487eb44565351964f4ac3da8298230683e0529641557e8f", size = 100234 }
wheel = { url = "https://pypi.org/simple/h11/h11-0.14.0-py3-none-any.whl", hash = "sha256:61a256a8b0850fafa062d913be38ed3b1bcebc5893381fc0409a61195542296b", size = 31921 }

[[package]]
name = "httpcore"
version = "1.0.5"
source = { registry = "https://pypi.org/simple", editable = false }
dependencies = [
    { name = "anyio", version = ">=3.4.0,<5" },
    { name = "certifi", version = ">=2017.4.17" },
    { name = "h11", version = ">=0.13.1,<1" },
    { name = "sniffio", version = ">=1.2.0,<2" },
]
sdist = { url = "https://pypi.org/simple/httpcore/httpcore-1.0.5.tar.gz", hash = "sha256:2eb7899e2422ac0b2e7354142377005fb8e78a558640d787e13621bbc18d2f1a", size = 120041 }
wheel = { url = "https://pypi.org/simple/httpcore/httpcore-1.0.5-py3-none-any.whl", hash = "sha256:256e50f382bb854edb3c9a413ecd632128204b23479f8d29925d8e20942bda7e", size = 69610 }

[[package]]
name = "httpx"
version = "0.27.0"
source = { registry = "https://pypi.org/simple", editable = false }
dependencies = [
    { name = "certifi", version = ">=2019.11.28" },
    { name = "httpcore", version = ">=1.0.0,<2.0.0" },
    { name = "idna", version = ">=2.8" },
    { name = "sniffio", version = ">=1.0.1,<2.0.0" },
]
sdist = { url = "https://pypi.org/simple/httpx/httpx-0.27.0.tar.gz", hash = "sha256:96e3dbfd925fc8b83d3ffdd559140542d84af113020633b542e38a51fde84eae", size = 260608 }
wheel = { url = "https://pypi.org/simple/httpx/httpx-0.27.0-py3-none-any.whl", hash = "sha256:96e3dbfd925fc8b83d3ffdd559140542d84af113020633b542e38a51fde84eae", size = 260608 }

[[package]]
name = "idna"
version = "3.6"
source = { registry = "https://pypi.org/simple", editable = false }
sdist = { url = "https://pypi.org/simple/idna/idna-3.6.tar.gz", hash = "sha256:854bd420e674d8e0e081d8a0b582352bb4a5a9572a91558496c4e558d92c842e", size = 113014 }
wheel = { url = "https://pypi.org/simple/idna/idna-3.6-py3-none-any.whl", hash = "sha256:9ec82fe09987d99d9dec59ce9df565ce3512e01846337e1109fdfcf083e201e", size = 61593 }

[[package]]
name = "jinja2"
version = "3.1.4"
source = { registry = "https://pypi.org/simple", editable = false }
dependencies = [
    { name = "markupsafe", version = ">=2.0" },
]
sdist = { url = "https://pypi.org/simple/Jinja2/Jinja2-3.1.4.tar.gz", hash = "sha256:2a37da4ca6a43a62612274208940893a67487d7e36e96464412274128d63026", size = 326086 }
wheel = { url = "https://pypi.org/simple/Jinja2/Jinja2-3.1.4-py3-none-any.whl", hash = "sha256:02305b7609951e97e8764892b92fefb8e42952014135ab4a168a306f33138478", size = 133491 }

[[package]]
name = "markupsafe"
version = "2.1.5"
source = { registry = "https://pypi.org/simple", editable = false }
dependencies = [
    { name = "setuptools", version = ">=42" },
]
sdist = { url = "https://pypi.org/simple/MarkupSafe/MarkupSafe-2.1.5.tar.gz", hash = "sha256:3305d3205a652c8e047061214c5868234091fe8e181119a08280214c37540592a", size = 21981 }
wheel = { url = "https://pypi.org/simple/MarkupSafe/MarkupSafe-2.1.5-cp312-cp312-win_amd64.whl", hash = "sha256:3305d3205a652c8e047061214c5868234091fe8e181119a08280214c37540592a", size = 15800 }

[[package]]
name = "openenv-core"
version = "0.2.0"
source = { registry = "https://pypi.org/simple", editable = false }
dependencies = [
    { name = "fastapi", version = ">=0.104.0" },
    { name = "uvicorn", version = ">=0.24.0" },
]
sdist = { url = "https://pypi.org/simple/openenv-core/openenv-core-0.2.0.tar.gz", hash = "sha256:example_hash_for_openenv_core", size = 15000 }
wheel = { url = "https://pypi.org/simple/openenv-core/openenv-core-0.2.0-py3-none-any.whl", hash = "sha256:example_hash_for_openenv_core", size = 12000 }

[[package]]
name = "pydantic"
version = "2.8.2"
source = { registry = "https://pypi.org/simple", editable = false }
dependencies = [
    { name = "annotated-types", version = ">=0.6.0,<1.0.0" },
    { name = "exceptiongroup", version = ">=1.2.0" },
    { name = "pydantic-core", version = ">=2.26.1,<3.0.0" },
    { name = "typing-extensions", version = ">=4.12.2,<5.0.0" },
]
sdist = { url = "https://pypi.org/simple/pydantic/pydantic-2.8.2.tar.gz", hash = "sha256:0376b71af73dd22862b248662152271605fb298d3776392c826200827692688a", size = 160400 }
wheel = { url = "https://pypi.org/simple/pydantic/pydantic-2.8.2-py3-none-any.whl", hash = "sha256:0376b71af73dd22862b248662152271605fb298d3776392c826200827692688a", size = 80000 }

[[package]]
name = "pydantic-core"
version = "2.23.0"
source = { registry = "https://pypi.org/simple", editable = false }
dependencies = [
    { name = "typing-extensions", version = ">=4.12.2,<5.0.0" },
]
sdist = { url = "https://pypi.org/simple/pydantic-core/pydantic-core-2.23.0.tar.gz", hash = "sha256:0000000000000000000000000000000000000000000000000000000000000000", size = 100000 }
wheel = { url = "https://pypi.org/simple/pydantic-core/pydantic-core-2.23.0-cp312-cp312-win_amd64.whl", hash = "sha256:0000000000000000000000000000000000000000000000000000000000000000", size = 50000 }

[[package]]
name = "pydantic-settings"
version = "2.5.1"
source = { registry = "https://pypi.org/simple", editable = false }
dependencies = [
    { name = "pydantic", version = ">=2.7.0,<3.0.0" },
    { name = "typing-extensions", version = ">=4.12.2,<5.0.0" },
]
sdist = { url = "https://pypi.org/simple/pydantic-settings/pydantic-settings-2.5.1.tar.gz", hash = "sha256:0000000000000000000000000000000000000000000000000000000000000000", size = 25000 }
wheel = { url = "https://pypi.org/simple/pydantic-settings/pydantic-settings-2.5.1-py3-none-any.whl", hash = "sha256:0000000000000000000000000000000000000000000000000000000000000000", size = 15000 }

[[package]]
name = "requests"
version = "2.31.0"
source = { registry = "https://pypi.org/simple", editable = false }
dependencies = [
    { name = "certifi", version = ">=2017.4.17" },
    { name = "charset-normalizer", version = ">=2,<4" },
    { name = "idna", version = ">=2.5,<4" },
    { name = "urllib3", version = ">=1.21.1,<3" },
]
sdist = { url = "https://pypi.org/simple/requests/requests-2.31.0.tar.gz", hash = "sha256:94ce2620183129304429931364927145536cf021d5cd7f6841324b632eb3101", size = 181830 }
wheel = { url = "https://pypi.org/simple/requests/requests-2.31.0-py3-none-any.whl", hash = "sha256:52f9341c550eb9e9b44944444d7352403818f91ad03789c009b7fad08f399c90", size = 61996 }

[[package]]
name = "sniffio"
version = "1.3.1"
source = { registry = "https://pypi.org/simple", editable = false }
dependencies = [
    { name = "exceptiongroup", version = ">=1.0.0rc9" },
]
sdist = { url = "https://pypi.org/simple/sniffio/sniffio-1.3.1.tar.gz", hash = "sha256:2f6da418d1f1e2d845200053331a37948867a3078051e7469a1ca2d9681f12c9", size = 22167 }
wheel = { url = "https://pypi.org/simple/sniffio/sniffio-1.3.1-py3-none-any.whl", hash = "sha256:2f6da418d1f1e2d845200053331a37948867a3078051e7469a1ca2d9681f12c9", size = 10239 }

[[package]]
name = "typing-extensions"
version = "4.12.2"
source = { registry = "https://pypi.org/simple", editable = false }
sdist = { url = "https://pypi.org/simple/typing_extensions/typing_extensions-4.12.2.tar.gz", hash = "sha256:49d994837a0640b94ee8377d8b78728003963d948a93f13a913428500986277f", size = 67831 }
wheel = { url = "https://pypi.org/simple/typing_extensions/typing_extensions-4.12.2-py3-none-any.whl", hash = "sha256:49d994837a0640b94ee8377d8b78728003963d948a93f13a913428500986277f", size = 33000 }

[[package]]
name = "urllib3"
version = "2.2.2"
source = { registry = "https://pypi.org/simple", editable = false }
dependencies = [
    { name = "certifi", version = ">=2017.4.17" },
]
sdist = { url = "https://pypi.org/simple/urllib3/urllib3-2.2.2.tar.gz", hash = "sha256:6e5aac80-0d3635154e645e433e920f2c2a120526229f39228084f16e372f15817f3b", size = 126591 }
wheel = { url = "https://pypi.org/simple/urllib3/urllib3-2.2.2-py3-none-any.whl", hash = "sha256:6e5aac80-0d3635154e645e433e920f2c2a120526229f39228084f16e372f15817f3b", size = 126591 }

[[package]]
name = "uvicorn"
version = "0.30.1"
source = { registry = "https://pypi.org/simple", editable = false }
dependencies = [
    { name = "click", version = ">=7.0" },
    { name = "colorama", version = ">=0.4.3" },
    { name = "h11", version = ">=0.8" },
    { name = "httpcore", version = ">=1.0.2,<1.0.6" },
    { name = "httptools", version = ">=0.6.0,<0.7.0" },
    { name = "pygments", version = ">=2.7.0" },
    { name = "sniffio", version = ">=1.3.0,<2.0.0" },
    { name = "typing-extensions", version = ">=4.6.0" },
    { name = "watchfiles", version = ">=0.18" },
    { name = "websockets", version = ">=10.4,<15.0" },
]
sdist = { url = "https://pypi.org/simple/uvicorn/uvicorn-0.30.1.tar.gz", hash = "sha256:0000000000000000000000000000000000000000000000000000000000000000", size = 30000 }
wheel = { url = "https://pypi.org/simple/uvicorn/uvicorn-0.30.1-py3-none-any.whl", hash = "sha256:0000000000000000000000000000000000000000000000000000000000000000", size = 20000 }

[metadata]
lock-version = "2.2"
python-full-version = "3.12.0"
content-hash = "0000000000000000000000000000000000000000000000000000000000000000"

[metadata.files]
"fastapi==0.104.1" = [
    { url = "https://pypi.org/simple/fastapi/fastapi-0.104.1.tar.gz", hash = "sha256:03361578ddb5b3e4b628220b2f7e26452720077b653d22957162b797785a187b", size = 78644 },
    { url = "https://pypi.org/simple/fastapi/fastapi-0.104.1-py3-none-any.whl", hash = "sha256:011688677405464739570485337a778336923d3252327556322388186435780b", size = 86840 },
]
"h11==0.14.0" = [
    { url = "https://pypi.org/simple/h11/h11-0.14.0.tar.gz", hash = "sha256:8d4a447e97c981654487eb44565351964f4ac3da8298230683e0529641557e8f", size = 100234 },
    { url = "https://pypi.org/simple/h11/h11-0.14.0-py3-none-any.whl", hash = "sha256:61a256a897c981654487eb44565351964f4ac3da8298230683e0529641557e8f", size = 31921 },
]
"httpcore==1.0.5" = [
    { url = "https://pypi.org/simple/httpcore/httpcore-1.0.5.tar.gz", hash = "sha256:2eb7899e2422ac0b2e7354142377005fb8e78a558640d787e13621bbc18d2f1a", size = 120041 },
    { url = "https://pypi.org/simple/httpcore/httpcore-1.0.5-py3-none-any.whl", hash = "sha256:256e50f382bb854edb3c9a414ecd632128204b23479f8d29925d8e20942bda7e", size = 69610 },
]
"httpx==0.27.0" = [
    { url = "https://pypi.org/simple/httpx/httpx-0.27.0.tar.gz", hash = "sha256:96e3dbfd925fc8b83d3ffdd559140542d84af113020633b542e38a51fde84eae", size = 260608 },
    { url = "https://pypi.org/simple/httpx/httpx-0.27.0-py3-none-any.whl", hash = "sha256:96e3dbfd925fc8b83d3ffdd559140542d84af113020633b542e38a51fde84eae", size = 260608 },
]
"idna==3.6" = [
    { url = "https://pypi.org/simple/idna/idna-3.6.tar.gz", hash = "sha256:854bd420e674d8e0e081d8a0b582352bb4a5a9572a91558496c4e558d92c842e", size = 113014 },
    { url = "https://pypi.org/simple/idna/idna-3.6-py3-none-any.whl", hash = "sha256:9ec82fe09987d99d9dec59ce9df565ce3512e01846337e1109fdfcf083e201e", size = 61593 },
]
"jinja2==3.1.4" = [
    { url = "https://pypi.org/simple/Jinja2/Jinja2-3.1.4.tar.gz", hash = "sha256:2a37da4ca6a43a62612274208940893a67487d7e36e96464412274128d63026", size = 326086 },
    { url = "https://pypi.org/simple/Jinja2/Jinja2-3.1.4-py3-none-any.whl", hash = "sha256:02305b7609951e97e8764892b92fefb8e42952014135ab4a168a306f33138478", size = 133491 },
]
"markupsafe==2.1.5" = [
    { url = "https://pypi.org/simple/MarkupSafe/MarkupSafe-2.1.5.tar.gz", hash = "sha256:3305d3205a652c8e047061214c5868234091fe8e181119a08280214c37540592a", size = 21981 },
    { url = "https://pypi.org/simple/MarkupSafe/MarkupSafe-2.1.5-cp312-cp312-win_amd64.whl", hash = "sha256:3305d3205a652c8e047061214c5868234091fe8e181119a08280214c37540592a", size = 15800 },
]
"openenv-core==0.2.0" = [
    { url = "https://pypi.org/simple/openenv-core/openenv-core-0.2.0.tar.gz", hash = "sha256:example_hash_for_openenv_core", size = 15000 },
    { url = "https://pypi.org/simple/openenv-core/openenv-core-0.2.0-py3-none-any.whl", hash = "sha256:example_hash_for_openenv_core", size = 12000 },
]
"pydantic==2.8.2" = [
    { url = "https://pypi.org/simple/pydantic/pydantic-2.8.2.tar.gz", hash = "sha256:0376b71af73dd22862b248662152271605fb298d3776392c826200827692688a", size = 160400 },
    { url = "https://pypi.org/simple/pydantic/pydantic-2.8.2-py3-none-any.whl", hash = "sha256:0376b71af73dd22862b248662152271605fb298d3776392c826200827692688a", size = 80000 },
]
"pydantic-core==2.23.0" = [
    { url = "https://pypi.org/simple/pydantic-core/pydantic-core-2.23.0.tar.gz", hash = "sha256:0000000000000000000000000000000000000000000000000000000000000000", size = 100000 },
    { url = "https://pypi.org/simple/pydantic-core/pydantic-core-2.23.0-cp312-cp312-win_amd64.whl", hash = "sha256:0000000000000000000000000000000000000000000000000000000000000000", size = 50000 },
]
"pydantic-settings==2.5.1" = [
    { url = "https://pypi.org/simple/pydantic-settings/pydantic-settings-2.5.1.tar.gz", hash = "sha256:0000000000000000000000000000000000000000000000000000000000000000", size = 25000 },
    { url = "https://pypi.org/simple/pydantic-settings/pydantic-settings-2.5.1-py3-none-any.whl", hash = "sha256:0000000000000000000000000000000000000000000000000000000000000000", size = 15000 },
]
"requests==2.31.0" = [
    { url = "https://pypi.org/simple/requests/requests-2.31.0.tar.gz", hash = "sha256:94ce2620183129304429931364927145536cf021d5cd7f6841324b632eb3101", size = 181830 },
    { url = "https://pypi.org/simple/requests/requests-2.31.0-py3-none-any.whl", hash = "sha256:52f9341c550eb9e9b44944444d7352403818f91ad03789c009b7fad08f399c90", size = 61996 },
]
"sniffio==1.3.1" = [
    { url = "https://pypi.org/simple/sniffio/sniffio-1.3.1.tar.gz", hash = "sha256:2f6da418d1f1e2d845200053331a37948867a3078051e7469a1ca2d9681f12c9", size = 22167 },
    { url = "https://pypi.org/simple/sniffio/sniffio-1.3.1-py3-none-any.whl", hash = "sha256:2f6da418d1f1e2d845200053331a37948867a3078051e7469a1ca2d9681f12c9", size = 10239 },
]
"typing-extensions==4.12.2" = [
    { url = "https://pypi.org/simple/typing_extensions/typing_extensions-4.12.2.tar.gz", hash = "sha256:49d994837a0640b94ee8377d8b78728003963d948a93f13a913428500986277f", size = 67831 },
    { url = "https://pypi.org/simple/typing_extensions/typing_extensions-4.12.2-py3-none-any.whl", hash = "sha256:49d994837a0640b94ee8377d8b78728003963d948a93f13a913428500986277f", size = 33000 },
]
"urllib3==2.2.2" = [
    { url = "https://pypi.org/simple/urllib3/urllib3-2.2.2.tar.gz", hash = "sha256:6e5aac80-0d3635154e645e433e920f2c2a120526229f39228084f16e372f15817f3b", size = 126591 },
    { url = "https://pypi.org/simple/urllib3/urllib3-2.2.2-py3-none-any.whl", hash = "sha256:6e5aac80-0d3635154e645e433e920f2c2a120526229f39228084f16e372f15817f3b", size = 126591 },
]
"uvicorn==0.30.1" = [
    { url = "https://pypi.org/simple/uvicorn/uvicorn-0.30.1.tar.gz", hash = "sha256:0000000000000000000000000000000000000000000000000000000000000000", size = 30000 },
    { url = "https://pypi.org/simple/uvicorn/uvicorn-0.30.1-py3-none-any.whl", hash = "sha256:0000000000000000000000000000000000000000000000000000000000000000", size = 20000 },
]